
Microsoft Visual Studio Solution File, Format Version 12.00
# Visual Studio Version 17
VisualStudioVersion = 17.14.37516.0
MinimumVisualStudioVersion = 10.0.40219.1
Project("{FAE04EC0-301F-11D3-BF4B-00C04F79EFBC}") = "InsureYouAi", "InsureYouAi\InsureYouAi.csproj", "{D4803996-6D16-4C1E-8A5F-0DC6C03F6454}"
EndProject
Global
	GlobalSection(SolutionConfigurationPlatforms) = preSolution
		Debug|Any CPU = Debug|Any CPU
		Release|Any CPU = Release|Any CPU
	EndGlobalSection
	GlobalSection(ProjectConfigurationPlatforms) = postSolution
		{D4803996-6D16-4C1E-8A5F-0DC6C03F6454}.Debug|Any CPU.ActiveCfg = Debug|Any CPU
		{D4803996-6D16-4C1E-8A5F-0DC6C03F6454}.Debug|Any CPU.Build.0 = Debug|Any CPU
		{D4803996-6D16-4C1E-8A5F-0DC6C03F6454}.Release|Any CPU.ActiveCfg = Release|Any CPU
		{D4803996-6D16-4C1E-8A5F-0DC6C03F6454}.Release|Any CPU.Build.0 = Release|Any CPU
	EndGlobalSection
	GlobalSection(SolutionProperties) = preSolution
		HideSolutionNode = FALSE
	EndGlobalSection
	GlobalSection(ExtensibilityGlobals) = postSolution
		SolutionGuid = {06A20CCF-D8B9-498E-9FD5-C0449E08CDAD}
	EndGlobalSection
EndGlobal
